{
  "name": "react-example",
  "version": "0.0.0",
  "lockfileVersion": 3,
  "requires": true,
  "packages": {
    "": {
      "name": "react-example",
      "version": "0.0.0",
      "dependencies": {
        "@google/genai": "^2.10.0",
        "@tailwindcss/vite": "^4.1.14",
        "@vitejs/plugin-react": "^5.0.4",
        "d3": "^7.9.0",
        "dotenv": "^17.2.3",
        "express": "^5.2.1",
        "firebase": "^12.15.0",
        "jspdf": "^4.2.1",
        "lucide-react": "^1.23.0",
        "motion": "^12.42.2",
        "react": "^19.0.1",
        "react-dom": "^19.0.1",
        "recharts": "^3.9.2",
        "vite": "^6.2.3"
      },
      "devDependencies": {
        "@types/d3": "^7.4.3",
        "@types/express": "^5.0.6",
        "@types/node": "^26.1.0",
        "@types/react": "^19.2.17",
        "@types/react-dom": "^19.2.3",
        "autoprefixer": "^10.4.21",
        "esbuild": "^0.28.1",
        "tailwindcss": "^4.3.2",
        "tsx": "^4.23.0",
        "typescript": "Mãåå»ãàùö]Héàóçãåãå»ÇàBàK